// !$*UTF8*$!
{
	archiveVersion = 1;
	classes = {
	};
	objectVersion = 46;
	objects = {

/* Begin PBXBuildFile section */
		D006794C1F1D6F9C002F50B4 /* AppDelegate.swift in Sources */ = {isa = PBXBuildFile; fileRef = D006794B1F1D6F9C002F50B4 /* AppDelegate.swift */; };
		D00679501F1D6F9C002F50B4 /* LoginViewController.swift in Sources */ = {isa = PBXBuildFile; fileRef = D006794F1F1D6F9C002F50B4 /* LoginViewController.swift */; };
		D00679531F1D6F9C002F50B4 /* Main.storyboard in Resources */ = {isa = PBXBuildFile; fileRef = D00679511F1D6F9C002F50B4 /* Main.storyboard */; };
		D00679551F1D6F9C002F50B4 /* Assets.xcassets in Resources */ = {isa = PBXBuildFile; fileRef = D00679541F1D6F9C002F50B4 /* Assets.xcassets */; };
		D00679581F1D6F9C002F50B4 /* LaunchScreen.storyboard in Resources */ = {isa = PBXBuildFile; fileRef = D00679561F1D6F9C002F50B4 /* LaunchScreen.storyboard */; };
		D00679631F1D6F9C002F50B4 /* Weddii_UITests.swift in Sources */ = {isa = PBXBuildFile; fileRef = D00679621F1D6F9C002F50B4 /* Weddii_UITests.swift */; };
		D006796E1F1D6F9C002F50B4 /* Weddii_UIUITests.swift in Sources */ = {isa = PBXBuildFile; fileRef = D006796D1F1D6F9C002F50B4 /* Weddii_UIUITests.swift */; };
		D006799E1F1EB1C4002F50B4 /* Login Background.png in Resources */ = {isa = PBXBuildFile; fileRef = D006799D1F1EB1C4002F50B4 /* Login Background.png */; };
/* End PBXBuildFile section */

/* Begin PBXContainerItemProxy section */
		D006795F1F1D6F9C002F50B4 /* PBXContainerItemProxy */ = {
			isa = PBXContainerItemProxy;
			containerPortal = D00679401F1D6F9C002F50B4 /* Project object */;
			proxyType = 1;
			remoteGlobalIDString = D00679471F1D6F9C002F50B4;
			remoteInfo = "Weddii UI";
		};
		D006796A1F1D6F9C002F50B4 /* PBXContainerItemProxy */ = {
			isa = PBXContainerItemProxy;
			containerPortal = D00679401F1D6F9C002F50B4 /* Project object */;
			proxyType = 1;
			remoteGlobalIDString = D00679471F1D6F9C002F50B4;
			remoteInfo = "Weddii UI";
		};
/* End PBXContainerItemProxy section */

/* Begin PBXFileReference section */
		D00679481F1D6F9C002F50B4 /* Weddii UI.app */ = {isa = PBXFileReference; explicitFileType = wrapper.application; includeInIndex = 0; path = "Weddii UI.app"; sourceTree = BUILT_PRODUCTS_DIR; };
		D006794B1F1D6F9C002F50B4 /* AppDelegate.swift */ = {isa = PBXFileReference; lastKnownFileType = sourcecode.swift; path = AppDelegate.swift; sourceTree = "<group>"; };
		D006794F1F1D6F9C002F50B4 /* LoginViewController.swift */ = {isa = PBXFileReference; lastKnownFileType = sourcecode.swift; path = LoginViewController.swift; sourceTree = "<group>"; };
		D00679521F1D6F9C002F50B4 /* Base */ = {isa = PBXFileReference; lastKnownFileType = file.storyboard; name = Base; path = Base.lproj/Main.storyboard; sourceTree = "<group>"; };
		D00679541F1D6F9C002F50B4 /* Assets.xcassets */ = {isa = PBXFileReference; lastKnownFileType = folder.assetcatalog; path = Assets.xcassets; sourceTree = "<group>"; };
		D00679571F1D6F9C002F50B4 /* Base */ = {isa = PBXFileReference; lastKnownFileType = file.storyboard; name = Base; path = Base.lproj/LaunchScreen.storyboard; sourceTree = "<group>"; };
		D00679591F1D6F9C002F50B4 /* Info.plist */ = {isa = PBXFileReference; lastKnownFileType = text.plist.xml; path = Info.plist; sourceTree = "<group>"; };
		D006795E1F1D6F9C002F50B4 /* Weddii UITests.xctest */ = {isa = PBXFileReference; explicitFileType = wrapper.cfbundle; includeInIndex = 0; path = "Weddii UITests.xctest"; sourceTree = BUILT_PRODUCTS_DIR; };
		D00679621F1D6F9C002F50B4 /* Weddii_UITests.swift */ = {isa = PBXFileReference; lastKnownFileType = sourcecode.swift; path = Weddii_UITests.swift; sourceTree = "<group>"; };
		D00679641F1D6F9C002F50B4 /* Info.plist */ = {isa = PBXFileReference; lastKnownFileType = text.plist.xml; path = Info.plist; sourceTree = "<group>"; };
		D00679691F1D6F9C002F50B4 /* Weddii UIUITests.xctest */ = {isa = PBXFileReference; explicitFileType = wrapper.cfbundle; includeInIndex = 0; path = "Weddii UIUITests.xctest"; sourceTree = BUILT_PRODUCTS_DIR; };
		D006796D1F1D6F9C002F50B4 /* Weddii_UIUITests.swift */ = {isa = PBXFileReference; lastKnownFileType = sourcecode.swift; path = Weddii_UIUITests.swift; sourceTree = "<group>"; };
		D006796F1F1D6F9C002F50B4 /* Info.plist */ = {isa = PBXFileReference; lastKnownFileType = text.plist.xml; path = Info.plist; sourceTree = "<group>"; };
		D006799D1F1EB1C4002F50B4 /* Login Background.png */ = {isa = PBXFileReference; lastKnownFileType = image.png; path = "Login Background.png"; sourceTree = "<group>"; };
/* End PBXFileReference section */

/* Begin PBXFrameworksBuildPhase section */
		D00679451F1D6F9C002F50B4 /* Frameworks */ = {
			isa = PBXFrameworksBuildPhase;
			buildActionMask = 2147483647;
			files = (
			);
			runOnlyForDeploymentPostprocessing = 0;
		};
		D006795B1F1D6F9C002F50B4 /* Frameworks */ = {
			isa = PBXFrameworksBuildPhase;
			buildActionMask = 2147483647;
			files = (
			);
			runOnlyForDeploymentPostprocessing = 0;
		};
		D00679661F1D6F9C002F50B4 /* Frameworks */ = {
			isa = PBXFrameworksBuildPhase;
			buildActionMask = 2147483647;
			files = (
			);
			runOnlyForDeploymentPostprocessing = 0;
		};
/* End PBXFrameworksBuildPhase section */

/* Begin PBXGroup section */
		D006793F1F1D6F9C002F50B4 = {
			isa = PBXGroup;
			children = (
				D006794A1F1D6F9C002F50B4 /* Weddii UI */,
				D00679611F1D6F9C002F50B4 /* Weddii UITests */,
				D006796C1F1D6F9C002F50B4 /* Weddii UIUITests */,
				D00679491F1D6F9C002F50B4 /* Products */,
			);
			sourceTree = "<group>";
		};
		D00679491F1D6F9C002F50B4 /* Products */ = {
			isa = PBXGroup;
			children = (
				D00679481F1D6F9C002F50B4 /* Weddii UI.app */,
				D006795E1F1D6F9C002F50B4 /* Weddii UITests.xctest */,
				D00679691F1D6F9C002F50B4 /* Weddii UIUITests.xctest */,
			);
			name = Products;
			sourceTree = "<group>";
		};
		D006794A1F1D6F9C002F50B4 /* Weddii UI */ = {
			isa = PBXGroup;
			children = (
				D006794B1F1D6F9C002F50B4 /* AppDelegate.swift */,
				D006794F1F1D6F9C002F50B4 /* LoginViewController.swift */,
				D00679511F1D6F9C002F50B4 /* Main.storyboard */,
				D006799D1F1EB1C4002F50B4 /* Login Background.png */,
				D00679541F1D6F9C002F50B4 /* Assets.xcassets */,
				D00679561F1D6F9C002F50B4 /* LaunchScreen.storyboard */,
				D00679591F1D6F9C002F50B4 /* Info.plist */,
			);
			path = "Weddii UI";
			sourceTree = "<group>";
		};
		D00679611F1D6F9C002F50B4 /* Weddii UITests */ = {
			isa = PBXGroup;
			children = (
				D00679621F1D6F9C002F50B4 /* Weddii_UITests.swift */,
				D00679641F1D6F9C002F50B4 /* Info.plist */,
			);
			path = "Weddii UITests";
			sourceTree = "<group>";
		};
		D006796C1F1D6F9C002F50B4 /* Weddii UIUITests */ = {
			isa = PBXGroup;
			children = (
				D006796D1F1D6F9C002F50B4 /* Weddii_UIUITests.swift */,
				D006796F1F1D6F9C002F50B4 /* Info.plist */,
			);
			path = "Weddii UIUITests";
			sourceTree = "<group>";
		};
/* End PBXGroup section */

/* Begin PBXNativeTarget section */
		D00679471F1D6F9C002F50B4 /* Weddii UI */ = {
			isa = PBXNativeTarget;
			buildConfigurationList = D00679721F1D6F9C002F50B4 /* Build configuration list for PBXNativeTarget "Weddii UI" */;
			buildPhases = (
				D00679441F1D6F9C002F50B4 /* Sources */,
				D00679451F1D6F9C002F50B4 /* Frameworks */,
				D00679461F1D6F9C002F50B4 /* Resources */,
			);
			buildRules = (
			);
			dependencies = (
			);
			name = "Weddii UI";
			productName = "Weddii UI";
			productReference = D00679481F1D6F9C002F50B4 /* Weddii UI.app */;
			productType = "com.apple.product-type.application";
		};
		D006795D1F1D6F9C002F50B4 /* Weddii UITests */ = {
			isa = PBXNativeTarget;
			buildConfigurationList = D00679751F1D6F9C002F50B4 /* Build configuration list for PBXNativeTarget "Weddii UITests" */;
			buildPhases = (
				D006795A1F1D6F9C002F50B4 /* Sources */,
				D006795B1F1D6F9C002F50B4 /* Frameworks */,
				D006795C1F1D6F9C002F50B4 /* Resources */,
			);
			buildRules = (
			);
			dependencies = (
				D00679601F1D6F9C002F50B4 /* PBXTargetDependency */,
			);
			name = "Weddii UITests";
			productName = "Weddii UITests";
			productReference = D006795E1F1D6F9C002F50B4 /* Weddii UITests.xctest */;
			productType = "com.apple.product-type.bundle.unit-test";
		};
		D00679681F1D6F9C002F50B4 /* Weddii UIUITests */ = {
			isa = PBXNativeTarget;
			buildConfigurationList = D00679781F1D6F9C002F50B4 /* Build configuration list for PBXNativeTarget "Weddii UIUITests" */;
			buildPhases = (
				D00679651F1D6F9C002F50B4 /* Sources */,
				D00679661F1D6F9C002F50B4 /* Frameworks */,
				D00679671F1D6F9C002F50B4 /* Resources */,
			);
			buildRules = (
			);
			dependencies = (
				D006796B1F1D6F9C002F50B4 /* PBXTargetDependency */,
			);
			name = "Weddii UIUITests";
			productName = "Weddii UIUITests";
			productReference = D00679691F1D6F9C002F50B4 /* Weddii UIUITests.xctest */;
			productType = "com.apple.product-type.bundle.ui-testing";
		};
/* End PBXNativeTarget section */

/* Begin PBXProject section */
		D00679401F1D6F9C002F50B4 /* Project object */ = {
			isa = PBXProject;
			attributes = {
				LastSwiftUpdateCheck = 0830;
				LastUpgradeCheck = 0830;
				ORGANIZATIONNAME = "Janice Yoshimura";
				TargetAttributes = {
					D00679471F1D6F9C002F50B4 = {
						CreatedOnToolsVersion = 8.3.3;
						ProvisioningStyle = Automatic;
					};
					D006795D1F1D6F9C002F50B4 = {
						CreatedOnToolsVersion = 8.3.3;
						ProvisioningStyle = Automatic;
						TestTargetID = D00679471F1D6F9C002F50B4;
					};
					D00679681F1D6F9C002F50B4 = {
						CreatedOnToolsVersion = 8.3.3;
						ProvisioningStyle = Automatic;
						TestTargetID = D00679471F1D6F9C002F50B4;
					};
				};
			};
			buildConfigurationList = D00679431F1D6F9C002F50B4 /* Build configuration list for PBXProject "Weddii UI" */;
			compatibilityVersion = "Xcode 3.2";
			developmentRegion = English;
			hasScannedForEncodings = 0;
			knownRegions = (
				en,
				Base,
			);
			mainGroup = D006793F1F1D6F9C002F50B4;
			productRefGroup = D00679491F1D6F9C002F50B4 /* Products */;
			projectDirPath = "";
			projectRoot = "";
			targets = (
				D00679471F1D6F9C002F50B4 /* Weddii UI */,
				D006795D1F1D6F9C002F50B4 /* Weddii UITests */,
				D00679681F1D6F9C002F50B4 /* Weddii UIUITests */,
			);
		};
/* End PBXProject section */

/* Begin PBXResourcesBuildPhase section */
		D00679461F1D6F9C002F50B4 /* Resources */ = {
			isa = PBXResourcesBuildPhase;
			buildActionMask = 2147483647;
			files = (
				D006799E1F1EB1C4002F50B4 /* Login Background.png in Resources */,
				D00679581F1D6F9C002F50B4 /* LaunchScreen.storyboard in Resources */,
				D00679551F1D6F9C002F50B4 /* Assets.xcassets in Resources */,
				D00679531F1D6F9C002F50B4 /* Main.storyboard in Resources */,
			);
			runOnlyForDeploymentPostprocessing = 0;
		};
		D006795C1F1D6F9C002F50B4 /* Resources */ = {
			isa = PBXResourcesBuildPhase;
			buildActionMask = 2147483647;
			files = (
			);
			runOnlyForDeploymentPostprocessing = 0;
		};
		D00679671F1D6F9C002F50B4 /* Resources */ = {
			isa = PBXResourcesBuildPhase;
			buildActionMask = 2147483647;
			files = (
			);
			runOnlyForDeploymentPostprocessing = 0;
		};
/* End PBXResourcesBuildPhase section */

/* Begin PBXSourcesBuildPhase section */
		D00679441F1D6F9C002F50B4 /* Sources */ = {
			isa = PBXSourcesBuildPhase;
			buildActionMask = 2147483647;
			files = (
				D00679501F1D6F9C002F50B4 /* LoginViewController.swift in Sources */,
				D006794C1F1D6F9C002F50B4 /* AppDelegate.swift in Sources */,
			);
			runOnlyForDeploymentPostprocessing = 0;
		};
		D006795A1F1D6F9C002F50B4 /* Sources */ = {
			isa = PBXSourcesBuildPhase;
			buildActionMask = 2147483647;
			files = (
				D00679631F1D6F9C002F50B4 /* Weddii_UITests.swift in Sources */,
			);
			runOnlyForDeploymentPostprocessing = 0;
		};
		D00679651F1D6F9C002F50B4 /* Sources */ = {
			isa = PBXSourcesBuildPhase;
			buildActionMask = 2147483647;
			files = (
				D006796E1F1D6F9C002F50B4 /* Weddii_UIUITests.swift in Sources */,
			);
			runOnlyForDeploymentPostprocessing = 0;
		};
/* End PBXSourcesBuildPhase section */

/* Begin PBXTargetDependency section */
		D00679601F1D6F9C002F50B4 /* PBXTargetDependency */ = {
			isa = PBXTargetDependency;
			target = D00679471F1D6F9C002F50B4 /* Weddii UI */;
			targetProxy = D006795F1F1D6F9C002F50B4 /* PBXContainerItemProxy */;
		};
		D006796B1F1D6F9C002F50B4 /* PBXTargetDependency */ = {
			isa = PBXTargetDependency;
			target = D00679471F1D6F9C002F50B4 /* Weddii UI */;
			targetProxy = D006796A1F1D6F9C002F50B4 /* PBXContainerItemProxy */;
		};
/* End PBXTargetDependency section */

/* Begin PBXVariantGroup section */
		D00679511F1D6F9C002F50B4 /* Main.storyboard */ = {
			isa = PBXVariantGroup;
			children = (
				D00679521F1D6F9C002F50B4 /* Base */,
			);
			name = Main.storyboard;
			sourceTree = "<group>";
		};
		D00679561F1D6F9C002F50B4 /* LaunchScreen.storyboard */ = {
			isa = PBXVariantGroup;
			children = (
				D00679571F1D6F9C002F50B4 /* Base */,
			);
			name = LaunchScreen.storyboard;
			sourceTree = "<group>";
		};
/* End PBXVariantGroup section */

/* Begin XCBuildConfiguration section */
		D00679701F1D6F9C002F50B4 /* Debug */ = {
			isa = XCBuildConfiguration;
			buildSettings = {
				ALWAYS_SEARCH_USER_PATHS = NO;
				CLANG_ANALYZER_NONNULL = YES;
				CLANG_ANALYZER_NUMBER_OBJECT_CONVERSION = YES_AGGRESSIVE;
				CLANG_CXX_LANGUAGE_STANDARD = "gnu++0x";
				CLANG_CXX_LIBRARY = "libc++";
				CLANG_ENABLE_MODULES = YES;
				CLANG_ENABLE_OBJC_ARC = YES;
				CLANG_WARN_BOOL_CONVERSION = YES;
				CLANG_WARN_CONSTANT_CONVERSION = YES;
				CLANG_WARN_DIRECT_OBJC_ISA_USAGE = YES_ERROR;
				CLANG_WARN_DOCUMENTATION_COMMENTS = YES;
				CLANG_WARN_EMPTY_BODY = YES;
				CLANG_WARN_ENUM_CONVERSION = YES;
				CLANG_WARN_INFINITE_RECURSION = YES;
				CLANG_WARN_INT_CONVERSION = YES;
				CLANG_WARN_OBJC_ROOT_CLASS = YES_ERROR;
				CLANG_WARN_SUSPICIOUS_MOVE = YES;
				CLANG_WARN_UNREACHABLE_CODE = YES;
				CLANG_WARN__DUPLICATE_METHOD_MATCH = YES;
				"CODE_SIGN_IDENTITY[sdk=iphoneos*]" = "iPhone Developer";
				COPY_PHASE_STRIP = NO;
				DEBUG_INFORMATION_FORMAT = dwarf;
				ENABLE_STRICT_OBJC_MSGSEND = YES;
				ENABLE_TESTABILITY = YES;
				GCC_C_LANGUAGE_STANDARD = gnu99;
				GCC_DYNAMIC_NO_PIC = NO;
				GCC_NO_COMMON_BLOCKS = YES;
				GCC_OPTIMIZATION_LEVEL = 0;
				GCC_PREPROCESSOR_DEFINITIONS = (
					"DEBUG=1",
					"$(inherited)",
				);
				GCC_WARN_64_TO_32_BIT_CONVERSION = YES;
				GCC_WARN_ABOUT_RETURN_TYPE = YES_ERROR;
				GCC_WARN_UNDECLARED_SELECTOR = YES;
				GCC_WARN_UNINITIALIZED_AUTOS = YES_AGGRESSIVE;
				GCC_WARN_UNUSED_FUNCTION = YES;
				GCC_WARN_UNUSED_VARIABLE = YES;
				IPHONEOS_DEPLOYMENT_TARGET = 10.3;
				MTL_ENABLE_DEBUG_INFO = YES;
				ONLY_ACTIVE_ARCH = YES;
				SDKROOT = iphoneos;
				SWIFT_ACTIVE_COMPILATION_CONDITIONS = DEBUG;
				SWIFT_OPTIMIZATION_LEVEL = "-Onone";
				TARGETED_DEVICE_FAMILY = "1,2";
			};
			name = Debug;
		};
		D00679711F1D6F9C002F50B4 /* Release */ = {
			isa = XCBuildConfiguration;
			buildSettings = {
				ALWAYS_SEARCH_USER_PATHS = NO;
				CLANG_ANALYZER_NONNULL = YES;
				CLANG_ANALYZER_NUMBER_OBJECT_CONVERSION = YES_AGGRESSIVE;
				CLANG_CXX_LANGUAGE_STANDARD = "gnu++0x";
				CLANG_CXX_LIBRARY = "libc++";
				CLANG_ENABLE_MODULES = YES;
				CLANG_ENABLE_OBJC_ARC = YES;
				CLANG_WARN_BOOL_CONVERSION = YES;
				CLANG_WARN_CONSTANT_CONVERSION = YES;
				CLANG_WARN_DIRECT_OBJC_ISA_USAGE = YES_ERROR;
				CLANG_WARN_DOCUMENTATION_COMMENTS = YES;
				CLANG_WARN_EMPTY_BODY = YES;
				CLANG_WARN_ENUM_CONVERSION = YES;
				CLANG_WARN_INFINITE_RECURSION = YES;
				CLANG_WARN_INT_CONVERSION = YES;
				CLANG_WARN_OBJC_ROOT_CLASS = YES_ERROR;
				CLANG_WARN_SUSPICIOUS_MOVE = YES;
				CLANG_WARN_UNREACHABLE_CODE = YES;
				CLANG_WARN__DUPLICATE_METHOD_MATCH = YES;
				"CODE_SIGN_IDENTITY[sdk=iphoneos*]" = "iPhone Developer";
				COPY_PHASE_STRIP = NO;
				DEBUG_INFORMATION_FORMAT = "dwarf-with-dsym";
				ENABLE_NS_ASSERTIONS = NO;
				ENABLE_STRICT_OBJC_MSGSEND = YES;
				GCC_C_LANGUAGE_STANDARD = gnu99;
				GCC_NO_COMMON_BLOCKS = YES;
				GCC_WARN_64_TO_32_BIT_CONVERSION = YES;
				GCC_WARN_ABOUT_RETURN_TYPE = YES_ERROR;
				GCC_WARN_UNDECLARED_SELECTOR = YES;
				GCC_WARN_UNINITIALIZED_AUTOS = YES_AGGRESSIVE;
				GCC_WARN_UNUSED_FUNCTION = YES;
				GCC_WARN_UNUSED_VARIABLE = YES;
				IPHONEOS_DEPLOYMENT_TARGET = 10.3;
				MTL_ENABLE_DEBUG_INFO = NO;
				SDKROOT = iphoneos;
				SWIFT_OPTIMIZATION_LEVEL = "-Owholemodule";
				TARGETED_DEVICE_FAMILY = "1,2";
				VALIDATE_PRODUCT = YES;
			};
			name = Release;
		};
		D00679731F1D6F9C002F50B4 /* Debug */ = {
			isa = XCBuildConfiguration;
			buildSettings = {
				ASSETCATALOG_COMPILER_APPICON_NAME = AppIcon;
				INFOPLIST_FILE = "Weddii UI/Info.plist";
				LD_RUNPATH_SEARCH_PATHS = "$(inherited) @executable_path/Frameworks";
				PRODUCT_BUNDLE_IDENTIFIER = "com.getweddii.Weddii-UI";
				PRODUCT_NAME = "$(TARGET_NAME)";
				SWIFT_VERSION = 3.0;
			};
			name = Debug;
		};
		D00679741F1D6F9C002F50B4 /* Release */ = {
			isa = XCBuildConfiguration;
			buildSettings = {
				ASSETCATALOG_COMPILER_APPICON_NAME = AppIcon;
				INFOPLIST_FILE = "Weddii UI/Info.plist";
				LD_RUNPATH_SEARCH_PATHS = "$(inherited) @executable_path/Frameworks";
				PRODUCT_BUNDLE_IDENTIFIER = "com.getweddii.Weddii-UI";
				PRODUCT_NAME = "$(TARGET_NAME)";
				SWIFT_VERSION = 3.0;
			};
			name = Release;
		};
		D00679761F1D6F9C002F50B4 /* Debug */ = {
			isa = XCBuildConfiguration;
			buildSettings = {
				ALWAYS_EMBED_SWIFT_STANDARD_LIBRARIES = YES;
				BUNDLE_LOADER = "$(TEST_HOST)";
				INFOPLIST_FILE = "Weddii UITests/Info.plist";
				LD_RUNPATH_SEARCH_PATHS = "$(inherited) @executable_path/Frameworks @loader_path/Frameworks";
				PRODUCT_BUNDLE_IDENTIFIER = "com.getweddii.Weddii-UITests";
				PRODUCT_NAME = "$(TARGET_NAME)";
				SWIFT_VERSION = 3.0;
				TEST_HOST = "$(BUILT_PRODUCTS_DIR)/Weddii UI.app/Weddii UI";
			};
			name = Debug;
		};
		D00679771F1D6F9C002F50B4 /* Release */ = {
			isa = XCBuildConfiguration;
			buildSettings = {
				ALWAYS_EMBED_SWIFT_STANDARD_LIBRARIES = YES;
				BUNDLE_LOADER = "$(TEST_HOST)";
				INFOPLIST_FILE = "Weddii UITests/Info.plist";
				LD_RUNPATH_SEARCH_PATHS = "$(inherited) @executable_path/Frameworks @loader_path/Frameworks";
				PRODUCT_BUNDLE_IDENTIFIER = "com.getweddii.Weddii-UITests";
				PRODUCT_NAME = "$(TARGET_NAME)";
				SWIFT_VERSION = 3.0;
				TEST_HOST = "$(BUILT_PRODUCTS_DIR)/Weddii UI.app/Weddii UI";
			};
			name = Release;
		};
		D00679791F1D6F9C002F50B4 /* Debug */ = {
			isa = XCBuildConfiguration;
			buildSettings = {
				ALWAYS_EMBED_SWIFT_STANDARD_LIBRARIES = YES;
				INFOPLIST_FILE = "Weddii UIUITests/Info.plist";
				LD_RUNPATH_SEARCH_PATHS = "$(inherited) @executable_path/Frameworks @loader_path/Frameworks";
				PRODUCT_BUNDLE_IDENTIFIER = "com.getweddii.Weddii-UIUITests";
				PRODUCT_NAME = "$(TARGET_NAME)";
				SWIFT_VERSION = 3.0;
				TEST_TARGET_NAME = "Weddii UI";
			};
			name = Debug;
		};
		D006797A1F1D6F9C002F50B4 /* Release */ = {
			isa = XCBuildConfiguration;
			buildSettings = {
				ALWAYS_EMBED_SWIFT_STANDARD_LIBRARIES = YES;
				INFOPLIST_FILE = "Weddii UIUITests/Info.plist";
				LD_RUNPATH_SEARCH_PATHS = "$(inherited) @executable_path/Frameworks @loader_path/Frameworks";
				PRODUCT_BUNDLE_IDENTIFIER = "com.getweddii.Weddii-UIUITests";
				PRODUCT_NAME = "$(TARGET_NAME)";
				SWIFT_VERSION = 3.0;
				TEST_TARGET_NAME = "Weddii UI";
			};
			name = Release;
		};
/* End XCBuildConfiguration section */

/* Begin XCConfigurationList section */
		D00679431F1D6F9C002F50B4 /* Build configuration list for PBXProject "Weddii UI" */ = {
			isa = XCConfigurationList;
			buildConfigurations = (
				D00679701F1D6F9C002F50B4 /* Debug */,
				D00679711F1D6F9C002F50B4 /* Release */,
			);
			defaultConfigurationIsVisible = 0;
			defaultConfigurationName = Release;
		};
		D00679721F1D6F9C002F50B4 /* Build configuration list for PBXNativeTarget "Weddii UI" */ = {
			isa = XCConfigurationList;
			buildConfigurations = (
				D00679731F1D6F9C002F50B4 /* Debug */,
				D00679741F1D6F9C002F50B4 /* Release */,
			);
			defaultConfigurationIsVisible = 0;
			defaultConfigurationName = Release;
		};
		D00679751F1D6F9C002F50B4 /* Build configuration list for PBXNativeTarget "Weddii UITests" */ = {
			isa = XCConfigurationList;
			buildConfigurations = (
				D00679761F1D6F9C002F50B4 /* Debug */,
				D00679771F1D6F9C002F50B4 /* Release */,
			);
			defaultConfigurationIsVisible = 0;
			defaultConfigurationName = Release;
		};
		D00679781F1D6F9C002F50B4 /* Build configuration list for PBXNativeTarget "Weddii UIUITests" */ = {
			isa = XCConfigurationList;
			buildConfigurations = (
				D00679791F1D6F9C002F50B4 /* Debug */,
				D006797A1F1D6F9C002F50B4 /* Release */,
			);
			defaultConfigurationIsVisible = 0;
			defaultConfigurationName = Release;
		};
/* End XCConfigurationList section */
	};
	rootObject = D00679401F1D6F9C002F50B4 /* Project object */;
}
